
Microsoft Visual Studio Solution File, Format Version 12.00
# Visual Studio Version 16
VisualStudioVersion = 16.0.29806.167
MinimumVisualStudioVersion = 10.0.40219.1
Project("{FAE04EC0-301F-11D3-BF4B-00C04F79EFBC}") = "FinbourneCodingExercise", "FinbourneCodingExercise\FinbourneCodingExercise.csproj", "{ECD345B6-7627-43AE-A6CA-02D6FD42EFD3}"
EndProject
Global
	GlobalSection(SolutionConfigurationPlatforms) = preSolution
		Debug|Any CPU = Debug|Any CPU
		Release|Any CPU = Release|Any CPU
	EndGlobalSection
	GlobalSection(ProjectConfigurationPlatforms) = postSolution
		{ECD345B6-7627-43AE-A6CA-02D6FD42EFD3}.Debug|Any CPU.ActiveCfg = Debug|Any CPU
		{ECD345B6-7627-43AE-A6CA-02D6FD42EFD3}.Debug|Any CPU.Build.0 = Debug|Any CPU
		{ECD345B6-7627-43AE-A6CA-02D6FD42EFD3}.Release|Any CPU.ActiveCfg = Release|Any CPU
		{ECD345B6-7627-43AE-A6CA-02D6FD42EFD3}.Release|Any CPU.Build.0 = Release|Any CPU
	EndGlobalSection
	GlobalSection(SolutionProperties) = preSolution
		HideSolutionNode = FALSE
	EndGlobalSection
	GlobalSection(ExtensibilityGlobals) = postSolution
		SolutionGuid = {1E644505-18D6-4157-B19D-E6A3DB92B3B3}
	EndGlobalSection
EndGlobal
